// !$*UTF8*$!
{
	archiveVersion = 1;
	classes = {
	};
	objectVersion = 46;
	objects = {

/* Begin PBXBuildFile section */
		A43FC750DBA95BE82D336473 /* libPods.a in Frameworks */ = {isa = PBXBuildFile; fileRef = BFF0879FEBC720D52F9C2C50 /* libPods.a */; };
		DB1063E91A0AB56F0002213A /* main.m in Sources */ = {isa = PBXBuildFile; fileRef = DB1063E81A0AB56F0002213A /* main.m */; };
		DB1063EC1A0AB56F0002213A /* AppDelegate.m in Sources */ = {isa = PBXBuildFile; fileRef = DB1063EB1A0AB56F0002213A /* AppDelegate.m */; };
		DB1063EF1A0AB56F0002213A /* HandballToday.xcdatamodeld in Sources */ = {isa = PBXBuildFile; fileRef = DB1063ED1A0AB56F0002213A /* HandballToday.xcdatamodeld */; };
		DB1063F21A0AB56F0002213A /* ViewController.m in Sources */ = {isa = PBXBuildFile; fileRef = DB1063F11A0AB56F0002213A /* ViewController.m */; };
		DB1063F51A0AB56F0002213A /* Main.storyboard in Resources */ = {isa = PBXBuildFile; fileRef = DB1063F31A0AB56F0002213A /* Main.storyboard */; };
		DB1063F71A0AB56F0002213A /* Images.xcassets in Resources */ = {isa = PBXBuildFile; fileRef = DB1063F61A0AB56F0002213A /* Images.xcassets */; };
		DB1063FA1A0AB56F0002213A /* LaunchScreen.xib in Resources */ = {isa = PBXBuildFile; fileRef = DB1063F81A0AB56F0002213A /* LaunchScreen.xib */; };
		DB1064061A0AB5700002213A /* HandballTodayTests.m in Sources */ = {isa = PBXBuildFile; fileRef = DB1064051A0AB5700002213A /* HandballTodayTests.m */; };
		DB1064181A0AC0A30002213A /* Menu.storyboard in Resources */ = {isa = PBXBuildFile; fileRef = DB1064161A0AC0A30002213A /* Menu.storyboard */; };
		DB10641C1A0AC1BD0002213A /* StoryBoardStaticFactory.m in Sources */ = {isa = PBXBuildFile; fileRef = DB10641B1A0AC1BD0002213A /* StoryBoardStaticFactory.m */; };
		DB1064241A0AC1F00002213A /* MenuCell.m in Sources */ = {isa = PBXBuildFile; fileRef = DB10641F1A0AC1F00002213A /* MenuCell.m */; };
		DB1064251A0AC1F00002213A /* SideMenuVC.m in Sources */ = {isa = PBXBuildFile; fileRef = DB1064211A0AC1F00002213A /* SideMenuVC.m */; };
		DB1064261A0AC1F00002213A /* SidePanelVC.m in Sources */ = {isa = PBXBuildFile; fileRef = DB1064231A0AC1F00002213A /* SidePanelVC.m */; };
		DB7FA8B91A1282B8009D1976 /* PreferredTeam.storyboard in Resources */ = {isa = PBXBuildFile; fileRef = DB7FA8B81A1282B8009D1976 /* PreferredTeam.storyboard */; };
		DB7FA8BD1A128302009D1976 /* TeamsListTableViewController.m in Sources */ = {isa = PBXBuildFile; fileRef = DB7FA8BC1A128302009D1976 /* TeamsListTableViewController.m */; };
		DB7FA8C41A12861A009D1976 /* Team.m in Sources */ = {isa = PBXBuildFile; fileRef = DB7FA8C31A12861A009D1976 /* Team.m */; };
		DB7FA8C71A1289DC009D1976 /* TeamTableViewCell.m in Sources */ = {isa = PBXBuildFile; fileRef = DB7FA8C61A1289DC009D1976 /* TeamTableViewCell.m */; };
		DB97ABED1A1BD5FD00B75851 /* HomePagedNews.m in Sources */ = {isa = PBXBuildFile; fileRef = DB97ABEC1A1BD5FD00B75851 /* HomePagedNews.m */; };
		DB97AC241A1BE3DE00B75851 /* Localizable.strings in Resources */ = {isa = PBXBuildFile; fileRef = DB97AC221A1BE3DE00B75851 /* Localizable.strings */; };
		DB97AC351A1BE91900B75851 /* News.storyboard in Resources */ = {isa = PBXBuildFile; fileRef = DB97AC341A1BE91900B75851 /* News.storyboard */; };
		DBA131F41A38B7950079F4FA /* profile.png in Resources */ = {isa = PBXBuildFile; fileRef = DBA131F11A38B7950079F4FA /* profile.png */; };
		DBA131F51A38B7950079F4FA /* profile@2x.png in Resources */ = {isa = PBXBuildFile; fileRef = DBA131F31A38B7950079F4FA /* profile@2x.png */; };
		DBA131FE1A38B9A50079F4FA /* PlayersPagedScroll.m in Sources */ = {isa = PBXBuildFile; fileRef = DBA131FB1A38B9A50079F4FA /* PlayersPagedScroll.m */; };
		DBA131FF1A38B9A50079F4FA /* PlayersViewController.m in Sources */ = {isa = PBXBuildFile; fileRef = DBA131FD1A38B9A50079F4FA /* PlayersViewController.m */; };
		DBA805FD1A38BD0600F53575 /* Players.storyboard in Resources */ = {isa = PBXBuildFile; fileRef = DBA805FC1A38BD0600F53575 /* Players.storyboard */; };
		DBA806021A38C57400F53575 /* InfoCell.m in Sources */ = {isa = PBXBuildFile; fileRef = DBA806011A38C57400F53575 /* InfoCell.m */; };
		DBD04EBE1A0D50CF001EDB86 /* ParseUtilities.m in Sources */ = {isa = PBXBuildFile; fileRef = DBD04EBD1A0D50CF001EDB86 /* ParseUtilities.m */; };
		DBD04EC31A0D5B07001EDB86 /* HomeViewController.m in Sources */ = {isa = PBXBuildFile; fileRef = DBD04EC21A0D5B07001EDB86 /* HomeViewController.m */; };
		DBE859021A1BEA03006DDE9D /* ArticleDetailViewController.m in Sources */ = {isa = PBXBuildFile; fileRef = DBE859011A1BEA03006DDE9D /* ArticleDetailViewController.m */; };
/* End PBXBuildFile section */

/* Begin PBXContainerItemProxy section */
		DB1064001A0AB56F0002213A /* PBXContainerItemProxy */ = {
			isa = PBXContainerItemProxy;
			containerPortal = DB1063DB1A0AB56F0002213A /* Project object */;
			proxyType = 1;
			remoteGlobalIDString = DB1063E21A0AB56F0002213A;
			remoteInfo = HandballToday;
		};
/* End PBXContainerItemProxy section */

/* Begin PBXFileReference section */
		029B53850751A319686E1A59 /* Pods.debug.xcconfig */ = {isa = PBXFileReference; includeInIndex = 1; lastKnownFileType = text.xcconfig; name = Pods.debug.xcconfig; path = "Pods/Target Support Files/Pods/Pods.debug.xcconfig"; sourceTree = "<group>"; };
		BFF0879FEBC720D52F9C2C50 /* libPods.a */ = {isa = PBXFileReference; explicitFileType = archive.ar; includeInIndex = 0; path = libPods.a; sourceTree = BUILT_PRODUCTS_DIR; };
		CB10C616A9AE3DE128BF944B /* Pods.release.xcconfig */ = {isa = PBXFileReference; includeInIndex = 1; lastKnownFileType = text.xcconfig; name = Pods.release.xcconfig; path = "Pods/Target Support Files/Pods/Pods.release.xcconfig"; sourceTree = "<group>"; };
		DB1063E31A0AB56F0002213A /* HandballToday.app */ = {isa = PBXFileReference; explicitFileType = wrapper.application; includeInIndex = 0; path = HandballToday.app; sourceTree = BUILT_PRODUCTS_DIR; };
		DB1063E71A0AB56F0002213A /* Info.plist */ = {isa = PBXFileReference; lastKnownFileType = text.plist.xml; path = Info.plist; sourceTree = "<group>"; };
		DB1063E81A0AB56F0002213A /* main.m */ = {isa = PBXFileReference; lastKnownFileType = sourcecode.c.objc; path = main.m; sourceTree = "<group>"; };
		DB1063EA1A0AB56F0002213A /* AppDelegate.h */ = {isa = PBXFileReference; lastKnownFileType = sourcecode.c.h; path = AppDelegate.h; sourceTree = "<group>"; };
		DB1063EB1A0AB56F0002213A /* AppDelegate.m */ = {isa = PBXFileReference; lastKnownFileType = sourcecode.c.objc; path = AppDelegate.m; sourceTree = "<group>"; };
		DB1063EE1A0AB56F0002213A /* HandballToday.xcdatamodel */ = {isa = PBXFileReference; lastKnownFileType = wrapper.xcdatamodel; path = HandballToday.xcdatamodel; sourceTree = "<group>"; };
		DB1063F01A0AB56F0002213A /* ViewController.h */ = {isa = PBXFileReference; lastKnownFileType = sourcecode.c.h; path = ViewController.h; sourceTree = "<group>"; };
		DB1063F11A0AB56F0002213A /* ViewController.m */ = {isa = PBXFileReference; lastKnownFileType = sourcecode.c.objc; path = ViewController.m; sourceTree = "<group>"; };
		DB1063F41A0AB56F0002213A /* Base */ = {isa = PBXFileReference; lastKnownFileType = file.storyboard; name = Base; path = Base.lproj/Main.storyboard; sourceTree = "<group>"; };
		DB1063F61A0AB56F0002213A /* Images.xcassets */ = {isa = PBXFileReference; lastKnownFileType = folder.assetcatalog; path = Images.xcassets; sourceTree = "<group>"; };
		DB1063F91A0AB56F0002213A /* Base */ = {isa = PBXFileReference; lastKnownFileType = file.xib; name = Base; path = Base.lproj/LaunchScreen.xib; sourceTree = "<group>"; };
		DB1063FF1A0AB56F0002213A /* HandballTodayTests.xctest */ = {isa = PBXFileReference; explicitFileType = wrapper.cfbundle; includeInIndex = 0; path = HandballTodayTests.xctest; sourceTree = BUILT_PRODUCTS_DIR; };
		DB1064041A0AB5700002213A /* Info.plist */ = {isa = PBXFileReference; lastKnownFileType = text.plist.xml; path = Info.plist; sourceTree = "<group>"; };
		DB1064051A0AB5700002213A /* HandballTodayTests.m */ = {isa = PBXFileReference; lastKnownFileType = sourcecode.c.objc; path = HandballTodayTests.m; sourceTree = "<group>"; };
		DB1064161A0AC0A30002213A /* Menu.storyboard */ = {isa = PBXFileReference; fileEncoding = 4; lastKnownFileType = file.storyboard; path = Menu.storyboard; sourceTree = "<group>"; };
		DB10641A1A0AC1BD0002213A /* StoryBoardStaticFactory.h */ = {isa = PBXFileReference; fileEncoding = 4; lastKnownFileType = sourcecode.c.h; path = StoryBoardStaticFactory.h; sourceTree = "<group>"; };
		DB10641B1A0AC1BD0002213A /* StoryBoardStaticFactory.m */ = {isa = PBXFileReference; fileEncoding = 4; lastKnownFileType = sourcecode.c.objc; path = StoryBoardStaticFactory.m; sourceTree = "<group>"; };
		DB10641E1A0AC1F00002213A /* MenuCell.h */ = {isa = PBXFileReference; fileEncoding = 4; lastKnownFileType = sourcecode.c.h; path = MenuCell.h; sourceTree = "<group>"; };
		DB10641F1A0AC1F00002213A /* MenuCell.m */ = {isa = PBXFileReference; fileEncoding = 4; lastKnownFileType = sourcecode.c.objc; path = MenuCell.m; sourceTree = "<group>"; };
		DB1064201A0AC1F00002213A /* SideMenuVC.h */ = {isa = PBXFileReference; fileEncoding = 4; lastKnownFileType = sourcecode.c.h; path = SideMenuVC.h; sourceTree = "<group>"; };
		DB1064211A0AC1F00002213A /* SideMenuVC.m */ = {isa = PBXFileReference; fileEncoding = 4; lastKnownFileType = sourcecode.c.objc; path = SideMenuVC.m; sourceTree = "<group>"; };
		DB1064221A0AC1F00002213A /* SidePanelVC.h */ = {isa = PBXFileReference; fileEncoding = 4; lastKnownFileType = sourcecode.c.h; path = SidePanelVC.h; sourceTree = "<group>"; };
		DB1064231A0AC1F00002213A /* SidePanelVC.m */ = {isa = PBXFileReference; fileEncoding = 4; lastKnownFileType = sourcecode.c.objc; path = SidePanelVC.m; sourceTree = "<group>"; };
		DB7FA8B81A1282B8009D1976 /* PreferredTeam.storyboard */ = {isa = PBXFileReference; fileEncoding = 4; lastKnownFileType = file.storyboard; path = PreferredTeam.storyboard; sourceTree = "<group>"; };
		DB7FA8BB1A128302009D1976 /* TeamsListTableViewController.h */ = {isa = PBXFileReference; fileEncoding = 4; lastKnownFileType = sourcecode.c.h; path = TeamsListTableViewController.h; sourceTree = "<group>"; };
		DB7FA8BC1A128302009D1976 /* TeamsListTableViewController.m */ = {isa = PBXFileReference; fileEncoding = 4; lastKnownFileType = sourcecode.c.objc; path = TeamsListTableViewController.m; sourceTree = "<group>"; };
		DB7FA8C21A12861A009D1976 /* Team.h */ = {isa = PBXFileReference; fileEncoding = 4; lastKnownFileType = sourcecode.c.h; path = Team.h; sourceTree = "<group>"; };
		DB7FA8C31A12861A009D1976 /* Team.m */ = {isa = PBXFileReference; fileEncoding = 4; lastKnownFileType = sourcecode.c.objc; path = Team.m; sourceTree = "<group>"; };
		DB7FA8C51A1289DC009D1976 /* TeamTableViewCell.h */ = {isa = PBXFileReference; fileEncoding = 4; lastKnownFileType = sourcecode.c.h; path = TeamTableViewCell.h; sourceTree = "<group>"; };
		DB7FA8C61A1289DC009D1976 /* TeamTableViewCell.m */ = {isa = PBXFileReference; fileEncoding = 4; lastKnownFileType = sourcecode.c.objc; path = TeamTableViewCell.m; sourceTree = "<group>"; };
		DB97ABEB1A1BD5FD00B75851 /* HomePagedNews.h */ = {isa = PBXFileReference; fileEncoding = 4; lastKnownFileType = sourcecode.c.h; path = HomePagedNews.h; sourceTree = "<group>"; };
		DB97ABEC1A1BD5FD00B75851 /* HomePagedNews.m */ = {isa = PBXFileReference; fileEncoding = 4; lastKnownFileType = sourcecode.c.objc; path = HomePagedNews.m; sourceTree = "<group>"; };
		DB97AC231A1BE3DE00B75851 /* en */ = {isa = PBXFileReference; lastKnownFileType = text.plist.strings; name = en; path = en.lproj/Localizable.strings; sourceTree = "<group>"; };
		DB97AC341A1BE91900B75851 /* News.storyboard */ = {isa = PBXFileReference; fileEncoding = 4; lastKnownFileType = file.storyboard; path = News.storyboard; sourceTree = "<group>"; };
		DBA131F11A38B7950079F4FA /* profile.png */ = {isa = PBXFileReference; lastKnownFileType = image.png; path = profile.png; sourceTree = "<group>"; };
		DBA131F31A38B7950079F4FA /* profile@2x.png */ = {isa = PBXFileReference; lastKnownFileType = image.png; path = "profile@2x.png"; sourceTree = "<group>"; };
		DBA131FA1A38B9A50079F4FA /* PlayersPagedScroll.h */ = {isa = PBXFileReference; fileEncoding = 4; lastKnownFileType = sourcecode.c.h; path = PlayersPagedScroll.h; sourceTree = "<group>"; };
		DBA131FB1A38B9A50079F4FA /* PlayersPagedScroll.m */ = {isa = PBXFileReference; fileEncoding = 4; lastKnownFileType = sourcecode.c.objc; path = PlayersPagedScroll.m; sourceTree = "<group>"; };
		DBA131FC1A38B9A50079F4FA /* PlayersViewController.h */ = {isa = PBXFileReference; fileEncoding = 4; lastKnownFileType = sourcecode.c.h; path = PlayersViewController.h; sourceTree = "<group>"; };
		DBA131FD1A38B9A50079F4FA /* PlayersViewController.m */ = {isa = PBXFileReference; fileEncoding = 4; lastKnownFileType = sourcecode.c.objc; path = PlayersViewController.m; sourceTree = "<group>"; };
		DBA805FC1A38BD0600F53575 /* Players.storyboard */ = {isa = PBXFileReference; fileEncoding = 4; lastKnownFileType = file.storyboard; path = Players.storyboard; sourceTree = "<group>"; };
		DBA806001A38C57400F53575 /* InfoCell.h */ = {isa = PBXFileReference; fileEncoding = 4; lastKnownFileType = sourcecode.c.h; path = InfoCell.h; sourceTree = "<group>"; };
		DBA806011A38C57400F53575 /* InfoCell.m */ = {isa = PBXFileReference; fileEncoding = 4; lastKnownFileType = sourcecode.c.objc; path = InfoCell.m; sourceTree = "<group>"; };
		DBD04EBA1A0D4FB1001EDB86 /* HandBallToday-Prefix.pch */ = {isa = PBXFileReference; fileEncoding = 4; lastKnownFileType = sourcecode.c.h; path = "HandBallToday-Prefix.pch"; sourceTree = SOURCE_ROOT; };
		DBD04EBC1A0D50CF001EDB86 /* ParseUtilities.h */ = {isa = PBXFileReference; fileEncoding = 4; lastKnownFileType = sourcecode.c.h; path = ParseUtilities.h; sourceTree = "<group>"; };
		DBD04EBD1A0D50CF001EDB86 /* ParseUtilities.m */ = {isa = PBXFileReference; fileEncoding = 4; lastKnownFileType = sourcecode.c.objc; path = ParseUtilities.m; sourceTree = "<group>"; };
		DBD04EC11A0D5B07001EDB86 /* HomeViewController.h */ = {isa = PBXFileReference; fileEncoding = 4; lastKnownFileType = sourcecode.c.h; path = HomeViewController.h; sourceTree = "<group>"; };
		DBD04EC21A0D5B07001EDB86 /* HomeViewController.m */ = {isa = PBXFileReference; fileEncoding = 4; lastKnownFileType = sourcecode.c.objc; path = HomeViewController.m; sourceTree = "<group>"; };
		DBE859001A1BEA03006DDE9D /* ArticleDetailViewController.h */ = {isa = PBXFileReference; fileEncoding = 4; lastKnownFileType = sourcecode.c.h; path = ArticleDetailViewController.h; sourceTree = "<group>"; };
		DBE859011A1BEA03006DDE9D /* ArticleDetailViewController.m */ = {isa = PBXFileReference; fileEncoding = 4; lastKnownFileType = sourcecode.c.objc; path = ArticleDetailViewController.m; sourceTree = "<group>"; };
/* End PBXFileReference section */

/* Begin PBXFrameworksBuildPhase section */
		DB1063E01A0AB56F0002213A /* Frameworks */ = {
			isa = PBXFrameworksBuildPhase;
			buildActionMask = 2147483647;
			files = (
				A43FC750DBA95BE82D336473 /* libPods.a in Frameworks */,
			);
			runOnlyForDeploymentPostprocessing = 0;
		};
		DB1063FC1A0AB56F0002213A /* Frameworks */ = {
			isa = PBXFrameworksBuildPhase;
			buildActionMask = 2147483647;
			files = (
			);
			runOnlyForDeploymentPostprocessing = 0;
		};
/* End PBXFrameworksBuildPhase section */

/* Begin PBXGroup section */
		91D7B0D453AA7FCD8D8FC355 /* Frameworks */ = {
			isa = PBXGroup;
			children = (
				BFF0879FEBC720D52F9C2C50 /* libPods.a */,
			);
			name = Frameworks;
			sourceTree = "<group>";
		};
		DB1063DA1A0AB56F0002213A = {
			isa = PBXGroup;
			children = (
				DB1063E51A0AB56F0002213A /* HandballToday */,
				DB1064021A0AB5700002213A /* HandballTodayTests */,
				DB1063E41A0AB56F0002213A /* Products */,
				F2F2A57C3B7C8DD7596A7B84 /* Pods */,
				91D7B0D453AA7FCD8D8FC355 /* Frameworks */,
			);
			sourceTree = "<group>";
		};
		DB1063E41A0AB56F0002213A /* Products */ = {
			isa = PBXGroup;
			children = (
				DB1063E31A0AB56F0002213A /* HandballToday.app */,
				DB1063FF1A0AB56F0002213A /* HandballTodayTests.xctest */,
			);
			name = Products;
			sourceTree = "<group>";
		};
		DB1063E51A0AB56F0002213A /* HandballToday */ = {
			isa = PBXGroup;
			children = (
				DBA131EF1A38B7950079F4FA /* Images */,
				DB97AC1F1A1BE3DE00B75851 /* Resources */,
				DB1064191A0AC1080002213A /* Classes */,
				DB1064141A0AC0A30002213A /* Storyboard */,
				DB1063EA1A0AB56F0002213A /* AppDelegate.h */,
				DB1063EB1A0AB56F0002213A /* AppDelegate.m */,
				DB1063F01A0AB56F0002213A /* ViewController.h */,
				DB1063F11A0AB56F0002213A /* ViewController.m */,
				DB10641A1A0AC1BD0002213A /* StoryBoardStaticFactory.h */,
				DB10641B1A0AC1BD0002213A /* StoryBoardStaticFactory.m */,
				DB1063F61A0AB56F0002213A /* Images.xcassets */,
				DB1063F81A0AB56F0002213A /* LaunchScreen.xib */,
				DB1063ED1A0AB56F0002213A /* HandballToday.xcdatamodeld */,
				DB1063E61A0AB56F0002213A /* Supporting Files */,
			);
			path = HandballToday;
			sourceTree = "<group>";
		};
		DB1063E61A0AB56F0002213A /* Supporting Files */ = {
			isa = PBXGroup;
			children = (
				DBD04EBA1A0D4FB1001EDB86 /* HandBallToday-Prefix.pch */,
				DB1063E71A0AB56F0002213A /* Info.plist */,
				DB1063E81A0AB56F0002213A /* main.m */,
			);
			name = "Supporting Files";
			sourceTree = "<group>";
		};
		DB1064021A0AB5700002213A /* HandballTodayTests */ = {
			isa = PBXGroup;
			children = (
				DB1064051A0AB5700002213A /* HandballTodayTests.m */,
				DB1064031A0AB5700002213A /* Supporting Files */,
			);
			path = HandballTodayTests;
			sourceTree = "<group>";
		};
		DB1064031A0AB5700002213A /* Supporting Files */ = {
			isa = PBXGroup;
			children = (
				DB1064041A0AB5700002213A /* Info.plist */,
			);
			name = "Supporting Files";
			sourceTree = "<group>";
		};
		DB1064141A0AC0A30002213A /* Storyboard */ = {
			isa = PBXGroup;
			children = (
				DB1064161A0AC0A30002213A /* Menu.storyboard */,
				DB1063F31A0AB56F0002213A /* Main.storyboard */,
				DB7FA8B81A1282B8009D1976 /* PreferredTeam.storyboard */,
				DB97AC341A1BE91900B75851 /* News.storyboard */,
				DBA805FC1A38BD0600F53575 /* Players.storyboard */,
			);
			path = Storyboard;
			sourceTree = "<group>";
		};
		DB1064191A0AC1080002213A /* Classes */ = {
			isa = PBXGroup;
			children = (
				DBA131F81A38B9A50079F4FA /* Players */,
				DBE858FF1A1BEA03006DDE9D /* News */,
				DB97AC251A1BE86A00B75851 /* Content */,
				DB97ABEE1A1BD64500B75851 /* 3rdParty */,
				DB7FA8C11A12860D009D1976 /* Model */,
				DB7FA8BA1A1282DB009D1976 /* Teams */,
				DBD04EC01A0D5B07001EDB86 /* Home */,
				DBD04EBB1A0D50CF001EDB86 /* Config */,
				DB10641D1A0AC1F00002213A /* Menu */,
			);
			path = Classes;
			sourceTree = "<group>";
		};
		DB10641D1A0AC1F00002213A /* Menu */ = {
			isa = PBXGroup;
			children = (
				DB10641E1A0AC1F00002213A /* MenuCell.h */,
				DB10641F1A0AC1F00002213A /* MenuCell.m */,
				DB1064201A0AC1F00002213A /* SideMenuVC.h */,
				DB1064211A0AC1F00002213A /* SideMenuVC.m */,
				DB1064221A0AC1F00002213A /* SidePanelVC.h */,
				DB1064231A0AC1F00002213A /* SidePanelVC.m */,
			);
			path = Menu;
			sourceTree = "<group>";
		};
		DB7FA8BA1A1282DB009D1976 /* Teams */ = {
			isa = PBXGroup;
			children = (
				DB7FA8BB1A128302009D1976 /* TeamsListTableViewController.h */,
				DB7FA8BC1A128302009D1976 /* TeamsListTableViewController.m */,
				DB7FA8C51A1289DC009D1976 /* TeamTableViewCell.h */,
				DB7FA8C61A1289DC009D1976 /* TeamTableViewCell.m */,
			);
			path = Teams;
			sourceTree = "<group>";
		};
		DB7FA8C11A12860D009D1976 /* Model */ = {
			isa = PBXGroup;
			children = (
				DB7FA8C21A12861A009D1976 /* Team.h */,
				DB7FA8C31A12861A009D1976 /* Team.m */,
			);
			path = Model;
			sourceTree = "<group>";
		};
		DB97ABEA1A1BD5FD00B75851 /* HomePagedNews */ = {
			isa = PBXGroup;
			children = (
				DB97ABEB1A1BD5FD00B75851 /* HomePagedNews.h */,
				DB97ABEC1A1BD5FD00B75851 /* HomePagedNews.m */,
			);
			path = HomePagedNews;
			sourceTree = "<group>";
		};
		DB97ABEE1A1BD64500B75851 /* 3rdParty */ = {
			isa = PBXGroup;
			children = (
			);
			path = 3rdParty;
			sourceTree = "<group>";
		};
		DB97AC1F1A1BE3DE00B75851 /* Resources */ = {
			isa = PBXGroup;
			children = (
				DB97AC201A1BE3DE00B75851 /* CA */,
			);
			path = Resources;
			sourceTree = "<group>";
		};
		DB97AC201A1BE3DE00B75851 /* CA */ = {
			isa = PBXGroup;
			children = (
				DB97AC211A1BE3DE00B75851 /* Labels */,
			);
			path = CA;
			sourceTree = "<group>";
		};
		DB97AC211A1BE3DE00B75851 /* Labels */ = {
			isa = PBXGroup;
			children = (
				DB97AC221A1BE3DE00B75851 /* Localizable.strings */,
			);
			path = Labels;
			sourceTree = "<group>";
		};
		DB97AC251A1BE86A00B75851 /* Content */ = {
			isa = PBXGroup;
			children = (
			);
			path = Content;
			sourceTree = "<group>";
		};
		DBA131EF1A38B7950079F4FA /* Images */ = {
			isa = PBXGroup;
			children = (
				DBA131F01A38B7950079F4FA /* 320 */,
				DBA131F21A38B7950079F4FA /* 640 */,
			);
			path = Images;
			sourceTree = "<group>";
		};
		DBA131F01A38B7950079F4FA /* 320 */ = {
			isa = PBXGroup;
			children = (
				DBA131F11A38B7950079F4FA /* profile.png */,
			);
			path = 320;
			sourceTree = "<group>";
		};
		DBA131F21A38B7950079F4FA /* 640 */ = {
			isa = PBXGroup;
			children = (
				DBA131F31A38B7950079F4FA /* profile@2x.png */,
			);
			path = 640;
			sourceTree = "<group>";
		};
		DBA131F81A38B9A50079F4FA /* Players */ = {
			isa = PBXGroup;
			children = (
				DBA805FF1A38C57400F53575 /* Cell */,
				DBA131F91A38B9A50079F4FA /* PlayersPagedScroll */,
				DBA131FC1A38B9A50079F4FA /* PlayersViewController.h */,
				DBA131FD1A38B9A50079F4FA /* PlayersViewController.m */,
			);
			path = Players;
			sourceTree = "<group>";
		};
		DBA131F91A38B9A50079F4FA /* PlayersPagedScroll */ = {
			isa = PBXGroup;
			children = (
				DBA131FA1A38B9A50079F4FA /* PlayersPagedScroll.h */,
				DBA131FB1A38B9A50079F4FA /* PlayersPagedScroll.m */,
			);
			path = PlayersPagedScroll;
			sourceTree = "<group>";
		};
		DBA805FF1A38C57400F53575 /* Cell */ = {
			isa = PBXGroup;
			children = (
				DBA806001A38C57400F53575 /* InfoCell.h */,
				DBA806011A38C57400F53575 /* InfoCell.m */,
			);
			path = Cell;
			sourceTree = "<group>";
		};
		DBD04EBB1A0D50CF001EDB86 /* Config */ = {
			isa = PBXGroup;
			children = (
				DBD04EBC1A0D50CF001EDB86 /* ParseUtilities.h */,
				DBD04EBD1A0D50CF001EDB86 /* ParseUtilities.m */,
			);
			path = Config;
			sourceTree = "<group>";
		};
		DBD04EC01A0D5B07001EDB86 /* Home */ = {
			isa = PBXGroup;
			children = (
				DB97ABEA1A1BD5FD00B75851 /* HomePagedNews */,
				DBD04EC11A0D5B07001EDB86 /* HomeViewController.h */,
				DBD04EC21A0D5B07001EDB86 /* HomeViewController.m */,
			);
			path = Home;
			sourceTree = "<group>";
		};
		DBE858FF1A1BEA03006DDE9D /* News */ = {
			isa = PBXGroup;
			children = (
				DBE859001A1BEA03006DDE9D /* ArticleDetailViewController.h */,
				DBE859011A1BEA03006DDE9D /* ArticleDetailViewController.m */,
			);
			path = News;
			sourceTree = "<group>";
		};
		F2F2A57C3B7C8DD7596A7B84 /* Pods */ = {
			isa = PBXGroup;
			children = (
				029B53850751A319686E1A59 /* Pods.debug.xcconfig */,
				CB10C616A9AE3DE128BF944B /* Pods.release.xcconfig */,
			);
			name = Pods;
			sourceTree = "<group>";
		};
/* End PBXGroup section */

/* Begin PBXNativeTarget section */
		DB1063E21A0AB56F0002213A /* HandballToday */ = {
			isa = PBXNativeTarget;
			buildConfigurationList = DB1064091A0AB5700002213A /* Build configuration list for PBXNativeTarget "HandballToday" */;
			buildPhases = (
				7DB69441F2866321CCA109B3 /* Check Pods Manifest.lock */,
				DB1063DF1A0AB56F0002213A /* Sources */,
				DB1063E01A0AB56F0002213A /* Frameworks */,
				DB1063E11A0AB56F0002213A /* Resources */,
				E0EF09A308A740FBE2464D55 /* Copy Pods Resources */,
			);
			buildRules = (
			);
			dependencies = (
			);
			name = HandballToday;
			productName = HandballToday;
			productReference = DB1063E31A0AB56F0002213A /* HandballToday.app */;
			productType = "com.apple.product-type.application";
		};
		DB1063FE1A0AB56F0002213A /* HandballTodayTests */ = {
			isa = PBXNativeTarget;
			buildConfigurationList = DB10640C1A0AB5700002213A /* Build configuration list for PBXNativeTarget "HandballTodayTests" */;
			buildPhases = (
				DB1063FB1A0AB56F0002213A /* Sources */,
				DB1063FC1A0AB56F0002213A /* Frameworks */,
				DB1063FD1A0AB56F0002213A /* Resources */,
			);
			buildRules = (
			);
			dependencies = (
				DB1064011A0AB56F0002213A /* PBXTargetDependency */,
			);
			name = HandballTodayTests;
			productName = HandballTodayTests;
			productReference = DB1063FF1A0AB56F0002213A /* HandballTodayTests.xctest */;
			productType = "com.apple.product-type.bundle.unit-test";
		};
/* End PBXNativeTarget section */

/* Begin PBXProject section */
		DB1063DB1A0AB56F0002213A /* Project object */ = {
			isa = PBXProject;
			attributes = {
				LastUpgradeCheck = 0610;
				ORGANIZATIONNAME = rogras;
				TargetAttributes = {
					DB1063E21A0AB56F0002213A = {
						CreatedOnToolsVersion = 6.1;
					};
					DB1063FE1A0AB56F0002213A = {
						CreatedOnToolsVersion = 6.1;
						TestTargetID = DB1063E21A0AB56F0002213A;
					};
				};
			};
			buildConfigurationList = DB1063DE1A0AB56F0002213A /* Build configuration list for PBXProject "HandballToday" */;
			compatibilityVersion = "Xcode 3.2";
			developmentRegion = English;
			hasScannedForEncodings = 0;
			knownRegions = (
				en,
				Base,
			);
			mainGroup = DB1063DA1A0AB56F0002213A;
			productRefGroup = DB1063E41A0AB56F0002213A /* Products */;
			projectDirPath = "";
			projectRoot = "";
			targets = (
				DB1063E21A0AB56F0002213A /* HandballToday */,
				DB1063FE1A0AB56F0002213A /* HandballTodayTests */,
			);
		};
/* End PBXProject section */

/* Begin PBXResourcesBuildPhase section */
		DB1063E11A0AB56F0002213A /* Resources */ = {
			isa = PBXResourcesBuildPhase;
			buildActionMask = 2147483647;
			files = (
				DB1064181A0AC0A30002213A /* Menu.storyboard in Resources */,
				DB97AC241A1BE3DE00B75851 /* Localizable.strings in Resources */,
				DB97AC351A1BE91900B75851 /* News.storyboard in Resources */,
				DB1063F51A0AB56F0002213A /* Main.storyboard in Resources */,
				DB1063FA1A0AB56F0002213A /* LaunchScreen.xib in Resources */,
				DBA805FD1A38BD0600F53575 /* Players.storyboard in Resources */,
				DB1063F71A0AB56F0002213A /* Images.xcassets in Resources */,
				DB7FA8B91A1282B8009D1976 /* PreferredTeam.storyboard in Resources */,
				DBA131F41A38B7950079F4FA /* profile.png in Resources */,
				DBA131F51A38B7950079F4FA /* profile@2x.png in Resources */,
			);
			runOnlyForDeploymentPostprocessing = 0;
		};
		DB1063FD1A0AB56F0002213A /* Resources */ = {
			isa = PBXResourcesBuildPhase;
			buildActionMask = 2147483647;
			files = (
			);
			runOnlyForDeploymentPostprocessing = 0;
		};
/* End PBXResourcesBuildPhase section */

/* Begin PBXShellScriptBuildPhase section */
		7DB69441F2866321CCA109B3 /* Check Pods Manifest.lock */ = {
			isa = PBXShellScriptBuildPhase;
			buildActionMask = 2147483647;
			files = (
			);
			inputPaths = (
			);
			name = "Check Pods Manifest.lock";
			outputPaths = (
			);
			runOnlyForDeploymentPostprocessing = 0;
			shellPath = /bin/sh;
			shellScript = "diff \"${PODS_ROOT}/../Podfile.lock\" \"${PODS_ROOT}/Manifest.lock\" > /dev/null\nif [[ $? != 0 ]] ; then\n    cat << EOM\nerror: The sandbox is not in sync with the Podfile.lock. Run 'pod install' or update your CocoaPods installation.\nEOM\n    exit 1\nfi\n";
			showEnvVarsInLog = 0;
		};
		E0EF09A308A740FBE2464D55 /* Copy Pods Resources */ = {
			isa = PBXShellScriptBuildPhase;
			buildActionMask = 2147483647;
			files = (
			);
			inputPaths = (
			);
			name = "Copy Pods Resources";
			outputPaths = (
			);
			runOnlyForDeploymentPostprocessing = 0;
			shellPath = /bin/sh;
			shellScript = "\"${SRCROOT}/Pods/Target Support Files/Pods/Pods-resources.sh\"\n";
			showEnvVarsInLog = 0;
		};
/* End PBXShellScriptBuildPhase section */

/* Begin PBXSourcesBuildPhase section */
		DB1063DF1A0AB56F0002213A /* Sources */ = {
			isa = PBXSourcesBuildPhase;
			buildActionMask = 2147483647;
			files = (
				DBD04EBE1A0D50CF001EDB86 /* ParseUtilities.m in Sources */,
				DB1063EF1A0AB56F0002213A /* HandballToday.xcdatamodeld in Sources */,
				DBA131FF1A38B9A50079F4FA /* PlayersViewController.m in Sources */,
				DB1063EC1A0AB56F0002213A /* AppDelegate.m in Sources */,
				DBD04EC31A0D5B07001EDB86 /* HomeViewController.m in Sources */,
				DB7FA8C41A12861A009D1976 /* Team.m in Sources */,
				DB1064241A0AC1F00002213A /* MenuCell.m in Sources */,
				DB1064251A0AC1F00002213A /* SideMenuVC.m in Sources */,
				DB1063F21A0AB56F0002213A /* ViewController.m in Sources */,
				DB1063E91A0AB56F0002213A /* main.m in Sources */,
				DB1064261A0AC1F00002213A /* SidePanelVC.m in Sources */,
				DBA806021A38C57400F53575 /* InfoCell.m in Sources */,
				DB10641C1A0AC1BD0002213A /* StoryBoardStaticFactory.m in Sources */,
				DBE859021A1BEA03006DDE9D /* ArticleDetailViewController.m in Sources */,
				DB97ABED1A1BD5FD00B75851 /* HomePagedNews.m in Sources */,
				DB7FA8BD1A128302009D1976 /* TeamsListTableViewController.m in Sources */,
				DB7FA8C71A1289DC009D1976 /* TeamTableViewCell.m in Sources */,
				DBA131FE1A38B9A50079F4FA /* PlayersPagedScroll.m in Sources */,
			);
			runOnlyForDeploymentPostprocessing = 0;
		};
		DB1063FB1A0AB56F0002213A /* Sources */ = {
			isa = PBXSourcesBuildPhase;
			buildActionMask = 2147483647;
			files = (
				DB1064061A0AB5700002213A /* HandballTodayTests.m in Sources */,
			);
			runOnlyForDeploymentPostprocessing = 0;
		};
/* End PBXSourcesBuildPhase section */

/* Begin PBXTargetDependency section */
		DB1064011A0AB56F0002213A /* PBXTargetDependency */ = {
			isa = PBXTargetDependency;
			target = DB1063E21A0AB56F0002213A /* HandballToday */;
			targetProxy = DB1064001A0AB56F0002213A /* PBXContainerItemProxy */;
		};
/* End PBXTargetDependency section */

/* Begin PBXVariantGroup section */
		DB1063F31A0AB56F0002213A /* Main.storyboard */ = {
			isa = PBXVariantGroup;
			children = (
				DB1063F41A0AB56F0002213A /* Base */,
			);
			name = Main.storyboard;
			path = ..;
			sourceTree = "<group>";
		};
		DB1063F81A0AB56F0002213A /* LaunchScreen.xib */ = {
			isa = PBXVariantGroup;
			children = (
				DB1063F91A0AB56F0002213A /* Base */,
			);
			name = LaunchScreen.xib;
			sourceTree = "<group>";
		};
		DB97AC221A1BE3DE00B75851 /* Localizable.strings */ = {
			isa = PBXVariantGroup;
			children = (
				DB97AC231A1BE3DE00B75851 /* en */,
			);
			name = Localizable.strings;
			sourceTree = "<group>";
		};
/* End PBXVariantGroup section */

/* Begin XCBuildConfiguration section */
		DB1064071A0AB5700002213A /* Debug */ = {
			isa = XCBuildConfiguration;
			buildSettings = {
				ALWAYS_SEARCH_USER_PATHS = NO;
				CLANG_CXX_LANGUAGE_STANDARD = "gnu++0x";
				CLANG_CXX_LIBRARY = "libc++";
				CLANG_ENABLE_MODULES = YES;
				CLANG_ENABLE_OBJC_ARC = YES;
				CLANG_WARN_BOOL_CONVERSION = YES;
				CLANG_WARN_CONSTANT_CONVERSION = YES;
				CLANG_WARN_DIRECT_OBJC_ISA_USAGE = YES_ERROR;
				CLANG_WARN_EMPTY_BODY = YES;
				CLANG_WARN_ENUM_CONVERSION = YES;
				CLANG_WARN_INT_CONVERSION = YES;
				CLANG_WARN_OBJC_ROOT_CLASS = YES_ERROR;
				CLANG_WARN_UNREACHABLE_CODE = YES;
				CLANG_WARN__DUPLICATE_METHOD_MATCH = YES;
				"CODE_SIGN_IDENTITY[sdk=iphoneos*]" = "iPhone Developer";
				COPY_PHASE_STRIP = NO;
				ENABLE_STRICT_OBJC_MSGSEND = YES;
				GCC_C_LANGUAGE_STANDARD = gnu99;
				GCC_DYNAMIC_NO_PIC = NO;
				GCC_OPTIMIZATION_LEVEL = 0;
				GCC_PREPROCESSOR_DEFINITIONS = (
					"DEBUG=1",
					"$(inherited)",
				);
				GCC_SYMBOLS_PRIVATE_EXTERN = NO;
				GCC_WARN_64_TO_32_BIT_CONVERSION = YES;
				GCC_WARN_ABOUT_RETURN_TYPE = YES_ERROR;
				GCC_WARN_UNDECLARED_SELECTOR = YES;
				GCC_WARN_UNINITIALIZED_AUTOS = YES_AGGRESSIVE;
				GCC_WARN_UNUSED_FUNCTION = YES;
				GCC_WARN_UNUSED_VARIABLE = YES;
				IPHONEOS_DEPLOYMENT_TARGET = 8.1;
				MTL_ENABLE_DEBUG_INFO = YES;
				ONLY_ACTIVE_ARCH = YES;
				SDKROOT = iphoneos;
				TARGETED_DEVICE_FAMILY = "1,2";
			};
			name = Debug;
		};
		DB1064081A0AB5700002213A /* Release */ = {
			isa = XCBuildConfiguration;
			buildSettings = {
				ALWAYS_SEARCH_USER_PATHS = NO;
				CLANG_CXX_LANGUAGE_STANDARD = "gnu++0x";
				CLANG_CXX_LIBRARY = "libc++";
				CLANG_ENABLE_MODULES = YES;
				CLANG_ENABLE_OBJC_ARC = YES;
				CLANG_WARN_BOOL_CONVERSION = YES;
				CLANG_WARN_CONSTANT_CONVERSION = YES;
				CLANG_WARN_DIRECT_OBJC_ISA_USAGE = YES_ERROR;
				CLANG_WARN_EMPTY_BODY = YES;
				CLANG_WARN_ENUM_CONVERSION = YES;
				CLANG_WARN_INT_CONVERSION = YES;
				CLANG_WARN_OBJC_ROOT_CLASS = YES_ERROR;
				CLANG_WARN_UNREACHABLE_CODE = YES;
				CLANG_WARN__DUPLICATE_METHOD_MATCH = YES;
				"CODE_SIGN_IDENTITY[sdk=iphoneos*]" = "iPhone Developer";
				COPY_PHASE_STRIP = YES;
				ENABLE_NS_ASSERTIONS = NO;
				ENABLE_STRICT_OBJC_MSGSEND = YES;
				GCC_C_LANGUAGE_STANDARD = gnu99;
				GCC_WARN_64_TO_32_BIT_CONVERSION = YES;
				GCC_WARN_ABOUT_RETURN_TYPE = YES_ERROR;
				GCC_WARN_UNDECLARED_SELECTOR = YES;
				GCC_WARN_UNINITIALIZED_AUTOS = YES_AGGRESSIVE;
				GCC_WARN_UNUSED_FUNCTION = YES;
				GCC_WARN_UNUSED_VARIABLE = YES;
				IPHONEOS_DEPLOYMENT_TARGET = 8.1;
				MTL_ENABLE_DEBUG_INFO = NO;
				SDKROOT = iphoneos;
				TARGETED_DEVICE_FAMILY = "1,2";
				VALIDATE_PRODUCT = YES;
			};
			name = Release;
		};
		DB10640A1A0AB5700002213A /* Debug */ = {
			isa = XCBuildConfiguration;
			baseConfigurationReference = 029B53850751A319686E1A59 /* Pods.debug.xcconfig */;
			buildSettings = {
				ASSETCATALOG_COMPILER_APPICON_NAME = AppIcon;
				GCC_PREFIX_HEADER = "HandBallToday-Prefix.pch";
				INFOPLIST_FILE = HandballToday/Info.plist;
				LD_RUNPATH_SEARCH_PATHS = "$(inherited) @executable_path/Frameworks";
				PRODUCT_NAME = "$(TARGET_NAME)";
			};
			name = Debug;
		};
		DB10640B1A0AB5700002213A /* Release */ = {
			isa = XCBuildConfiguration;
			baseConfigurationReference = CB10C616A9AE3DE128BF944B /* Pods.release.xcconfig */;
			buildSettings = {
				ASSETCATALOG_COMPILER_APPICON_NAME = AppIcon;
				GCC_PREFIX_HEADER = "HandBallToday-Prefix.pch";
				INFOPLIST_FILE = HandballToday/Info.plist;
				LD_RUNPATH_SEARCH_PATHS = "$(inherited) @executable_path/Frameworks";
				PRODUCT_NAME = "$(TARGET_NAME)";
			};
			name = Release;
		};
		DB10640D1A0AB5700002213A /* Debug */ = {
			isa = XCBuildConfiguration;
			buildSettings = {
				BUNDLE_LOADER = "$(TEST_HOST)";
				FRAMEWORK_SEARCH_PATHS = (
					"$(SDKROOT)/Developer/Library/Frameworks",
					"$(inherited)",
				);
				GCC_PREPROCESSOR_DEFINITIONS = (
					"DEBUG=1",
					"$(inherited)",
				);
				INFOPLIST_FILE = HandballTodayTests/Info.plist;
				LD_RUNPATH_SEARCH_PATHS = "$(inherited) @executable_path/Frameworks @loader_path/Frameworks";
				PRODUCT_NAME = "$(TARGET_NAME)";
				TEST_HOST = "$(BUILT_PRODUCTS_DIR)/HandballToday.app/HandballToday";
			};
			name = Debug;
		};
		DB10640E1A0AB5700002213A /* Release */ = {
			isa = XCBuildConfiguration;
			buildSettings = {
				BUNDLE_LOADER = "$(TEST_HOST)";
				FRAMEWORK_SEARCH_PATHS = (
					"$(SDKROOT)/Developer/Library/Frameworks",
					"$(inherited)",
				);
				INFOPLIST_FILE = HandballTodayTests/Info.plist;
				LD_RUNPATH_SEARCH_PATHS = "$(inherited) @executable_path/Frameworks @loader_path/Frameworks";
				PRODUCT_NAME = "$(TARGET_NAME)";
				TEST_HOST = "$(BUILT_PRODUCTS_DIR)/HandballToday.app/HandballToday";
			};
			name = Release;
		};
/* End XCBuildConfiguration section */

/* Begin XCConfigurationList section */
		DB1063DE1A0AB56F0002213A /* Build configuration list for PBXProject "HandballToday" */ = {
			isa = XCConfigurationList;
			buildConfigurations = (
				DB1064071A0AB5700002213A /* Debug */,
				DB1064081A0AB5700002213A /* Release */,
			);
			defaultConfigurationIsVisible = 0;
			defaultConfigurationName = Release;
		};
		DB1064091A0AB5700002213A /* Build configuration list for PBXNativeTarget "HandballToday" */ = {
			isa = XCConfigurationList;
			buildConfigurations = (
				DB10640A1A0AB5700002213A /* Debug */,
				DB10640B1A0AB5700002213A /* Release */,
			);
			defaultConfigurationIsVisible = 0;
			defaultConfigurationName = Release;
		};
		DB10640C1A0AB5700002213A /* Build configuration list for PBXNativeTarget "HandballTodayTests" */ = {
			isa = XCConfigurationList;
			buildConfigurations = (
				DB10640D1A0AB5700002213A /* Debug */,
				DB10640E1A0AB5700002213A /* Release */,
			);
			defaultConfigurationIsVisible = 0;
			defaultConfigurationName = Release;
		};
/* End XCConfigurationList section */

/* Begin XCVersionGroup section */
		DB1063ED1A0AB56F0002213A /* HandballToday.xcdatamodeld */ = {
			isa = XCVersionGroup;
			children = (
				DB1063EE1A0AB56F0002213A /* HandballToday.xcdatamodel */,
			);
			currentVersion = DB1063EE1A0AB56F0002213A /* HandballToday.xcdatamodel */;
			path = HandballToday.xcdatamodeld;
			sourceTree = "<group>";
			versionGroupType = wrapper.xcdatamodel;
		};
/* End XCVersionGroup section */
	};
	rootObject = DB1063DB1A0AB56F0002213A /* Project object */;
}
